
Microsoft Visual Studio Solution File, Format Version 12.00
# Visual Studio Version 17
VisualStudioVersion = 17.4.33122.133
MinimumVisualStudioVersion = 10.0.40219.1
Project("{FAE04EC0-301F-11D3-BF4B-00C04F79EFBC}") = "WebAppForAzureAppServices", "WebAppForAzureAppServices.csproj", "{89B489E9-84E3-4513-9DA7-1DEA784932F7}"
EndProject
Global
	GlobalSection(SolutionConfigurationPlatforms) = preSolution
		Debug|Any CPU = Debug|Any CPU
		Release|Any CPU = Release|Any CPU
	EndGlobalSection
	GlobalSection(ProjectConfigurationPlatforms) = postSolution
		{89B489E9-84E3-4513-9DA7-1DEA784932F7}.Debug|Any CPU.ActiveCfg = Debug|Any CPU
		{89B489E9-84E3-4513-9DA7-1DEA784932F7}.Debug|Any CPU.Build.0 = Debug|Any CPU
		{89B489E9-84E3-4513-9DA7-1DEA784932F7}.Release|Any CPU.ActiveCfg = Release|Any CPU
		{89B489E9-84E3-4513-9DA7-1DEA784932F7}.Release|Any CPU.Build.0 = Release|Any CPU
	EndGlobalSection
	GlobalSection(SolutionProperties) = preSolution
		HideSolutionNode = FALSE
	EndGlobalSection
	GlobalSection(ExtensibilityGlobals) = postSolution
		SolutionGuid = {65B400FA-8301-4485-97F1-4AC5C53C20C3}
	EndGlobalSection
EndGlobal
